
Microsoft Visual Studio Solution File, Format Version 12.00
# Visual Studio Version 17
VisualStudioVersion = 17.10.35122.118
MinimumVisualStudioVersion = 10.0.40219.1
Project("{FAE04EC0-301F-11D3-BF4B-00C04F79EFBC}") = "28102024-RecapDemo1-DamaTahtası", "28102024-RecapDemo1-DamaTahtası.csproj", "{5E8708CE-B188-4F84-9A9C-DC80373FD9C3}"
EndProject
Global
	GlobalSection(SolutionConfigurationPlatforms) = preSolution
		Debug|Any CPU = Debug|Any CPU
		Release|Any CPU = Release|Any CPU
	EndGlobalSection
	GlobalSection(ProjectConfigurationPlatforms) = postSolution
		{5E8708CE-B188-4F84-9A9C-DC80373FD9C3}.Debug|Any CPU.ActiveCfg = Debug|Any CPU
		{5E8708CE-B188-4F84-9A9C-DC80373FD9C3}.Debug|Any CPU.Build.0 = Debug|Any CPU
		{5E8708CE-B188-4F84-9A9C-DC80373FD9C3}.Release|Any CPU.ActiveCfg = Release|Any CPU
		{5E8708CE-B188-4F84-9A9C-DC80373FD9C3}.Release|Any CPU.Build.0 = Release|Any CPU
	EndGlobalSection
	GlobalSection(SolutionProperties) = preSolution
		HideSolutionNode = FALSE
	EndGlobalSection
	GlobalSection(ExtensibilityGlobals) = postSolution
		SolutionGuid = {F67D65D9-FD3A-4522-8C8D-278878165D01}
	EndGlobalSection
EndGlobal
